
Microsoft Visual Studio Solution File, Format Version 12.00
# Visual Studio 2012
Project("{8BC9CEB8-8B4A-11D0-8D11-00A0C91BC942}") = "OpenGLUI", "OpenGLUI\OpenGLUI.vcxproj", "{85A720F5-2F20-46A1-9187-98ACFC78153B}"
EndProject
Project("{8BC9CEB8-8B4A-11D0-8D11-00A0C91BC942}") = "OpenGLUIsampleSFML", "OpenGLUIsampleSFML\OpenGLUIsampleSFML.vcxproj", "{09B27F48-C2C2-4D3D-8C0C-F25766EE2625}"
EndProject
Global
	GlobalSection(SolutionConfigurationPlatforms) = preSolution
		Debug|Win32 = Debug|Win32
		Release|Win32 = Release|Win32
	EndGlobalSection
	GlobalSection(ProjectConfigurationPlatforms) = postSolution
		{85A720F5-2F20-46A1-9187-98ACFC78153B}.Debug|Win32.ActiveCfg = Debug|Win32
		{85A720F5-2F20-46A1-9187-98ACFC78153B}.Debug|Win32.Build.0 = Debug|Win32
		{85A720F5-2F20-46A1-9187-98ACFC78153B}.Release|Win32.ActiveCfg = Release|Win32
		{85A720F5-2F20-46A1-9187-98ACFC78153B}.Release|Win32.Build.0 = Release|Win32
		{09B27F48-C2C2-4D3D-8C0C-F25766EE2625}.Debug|Win32.ActiveCfg = Debug|Win32
		{09B27F48-C2C2-4D3D-8C0C-F25766EE2625}.Debug|Win32.Build.0 = Debug|Win32
		{09B27F48-C2C2-4D3D-8C0C-F25766EE2625}.Release|Win32.ActiveCfg = Release|Win32
		{09B27F48-C2C2-4D3D-8C0C-F25766EE2625}.Release|Win32.Build.0 = Release|Win32
	EndGlobalSection
	GlobalSection(SolutionProperties) = preSolution
		HideSolutionNode = FALSE
	EndGlobalSection
EndGlobal
